
Microsoft Visual Studio Solution File, Format Version 12.00
# Visual Studio Version 16
VisualStudioVersion = 16.0.30717.126
MinimumVisualStudioVersion = 10.0.40219.1
Project("{FAE04EC0-301F-11D3-BF4B-00C04F79EFBC}") = "Modulo", "Modulo.csproj", "{1D258E1C-58CD-416D-BFFE-59BF98FEEC96}"
EndProject
Global
	GlobalSection(SolutionConfigurationPlatforms) = preSolution
		Debug|Any CPU = Debug|Any CPU
		Release|Any CPU = Release|Any CPU
	EndGlobalSection
	GlobalSection(ProjectConfigurationPlatforms) = postSolution
		{1D258E1C-58CD-416D-BFFE-59BF98FEEC96}.Debug|Any CPU.ActiveCfg = Debug|Any CPU
		{1D258E1C-58CD-416D-BFFE-59BF98FEEC96}.Debug|Any CPU.Build.0 = Debug|Any CPU
		{1D258E1C-58CD-416D-BFFE-59BF98FEEC96}.Release|Any CPU.ActiveCfg = Release|Any CPU
		{1D258E1C-58CD-416D-BFFE-59BF98FEEC96}.Release|Any CPU.Build.0 = Release|Any CPU
	EndGlobalSection
	GlobalSection(SolutionProperties) = preSolution
		HideSolutionNode = FALSE
	EndGlobalSection
	GlobalSection(ExtensibilityGlobals) = postSolution
		SolutionGuid = {414E9985-A691-498E-BA3C-639A7ABFD918}
	EndGlobalSection
EndGlobal
